// !$*UTF8*$!
{
	archiveVersion = 1;
	classes = {
	};
	objectVersion = 55;
	objects = {

/* Begin PBXBuildFile section */
		017097E027B9932C002ED344 /* AppDelegate.swift in Sources */ = {isa = PBXBuildFile; fileRef = 017097DF27B9932C002ED344 /* AppDelegate.swift */; };
		017097E227B9932C002ED344 /* SceneDelegate.swift in Sources */ = {isa = PBXBuildFile; fileRef = 017097E127B9932C002ED344 /* SceneDelegate.swift */; };
		017097E427B9932C002ED344 /* ViewController.swift in Sources */ = {isa = PBXBuildFile; fileRef = 017097E327B9932C002ED344 /* ViewController.swift */; };
		017097E727B9932C002ED344 /* Main.storyboard in Resources */ = {isa = PBXBuildFile; fileRef = 017097E527B9932C002ED344 /* Main.storyboard */; };
		017097E927B9932E002ED344 /* Assets.xcassets in Resources */ = {isa = PBXBuildFile; fileRef = 017097E827B9932E002ED344 /* Assets.xcassets */; };
		017097EC27B9932E002ED344 /* LaunchScreen.storyboard in Resources */ = {isa = PBXBuildFile; fileRef = 017097EA27B9932E002ED344 /* LaunchScreen.storyboard */; };
		017097F427B99352002ED344 /* Tilemap.swift in Sources */ = {isa = PBXBuildFile; fileRef = 017097F327B99352002ED344 /* Tilemap.swift */; };
		017097F627B9995C002ED344 /* World.swift in Sources */ = {isa = PBXBuildFile; fileRef = 017097F527B9995C002ED344 /* World.swift */; };
		017097F927B9A0FF002ED344 /* Pathfinder.swift in Sources */ = {isa = PBXBuildFile; fileRef = 017097F827B9A0FF002ED344 /* Pathfinder.swift */; };
		017097FC27B9D317002ED344 /* Unit.swift in Sources */ = {isa = PBXBuildFile; fileRef = 017097FB27B9D317002ED344 /* Unit.swift */; };
		017097FE27B9D508002ED344 /* Building.swift in Sources */ = {isa = PBXBuildFile; fileRef = 017097FD27B9D508002ED344 /* Building.swift */; };
		0170980027BC30AB002ED344 /* Projectile.swift in Sources */ = {isa = PBXBuildFile; fileRef = 017097FF27BC30AB002ED344 /* Projectile.swift */; };
		0170980427BC613B002ED344 /* Level.swift in Sources */ = {isa = PBXBuildFile; fileRef = 0170980327BC613B002ED344 /* Level.swift */; };
		0170980627BC622F002ED344 /* Levels in Resources */ = {isa = PBXBuildFile; fileRef = 0170980527BC622F002ED344 /* Levels */; };
/* End PBXBuildFile section */

/* Begin PBXFileReference section */
		017097DC27B9932C002ED344 /* Swune.app */ = {isa = PBXFileReference; explicitFileType = wrapper.application; includeInIndex = 0; path = Swune.app; sourceTree = BUILT_PRODUCTS_DIR; };
		017097DF27B9932C002ED344 /* AppDelegate.swift */ = {isa = PBXFileReference; lastKnownFileType = sourcecode.swift; path = AppDelegate.swift; sourceTree = "<group>"; };
		017097E127B9932C002ED344 /* SceneDelegate.swift */ = {isa = PBXFileReference; lastKnownFileType = sourcecode.swift; path = SceneDelegate.swift; sourceTree = "<group>"; };
		017097E327B9932C002ED344 /* ViewController.swift */ = {isa = PBXFileReference; lastKnownFileType = sourcecode.swift; path = ViewController.swift; sourceTree = "<group>"; };
		017097E627B9932C002ED344 /* Base */ = {isa = PBXFileReference; lastKnownFileType = file.storyboard; name = Base; path = Base.lproj/Main.storyboard; sourceTree = "<group>"; };
		017097E827B9932E002ED344 /* Assets.xcassets */ = {isa = PBXFileReference; lastKnownFileType = folder.assetcatalog; path = Assets.xcassets; sourceTree = "<group>"; };
		017097EB27B9932E002ED344 /* Base */ = {isa = PBXFileReference; lastKnownFileType = file.storyboard; name = Base; path = Base.lproj/LaunchScreen.storyboard; sourceTree = "<group>"; };
		017097ED27B9932E002ED344 /* Info.plist */ = {isa = PBXFileReference; lastKnownFileType = text.plist.xml; path = Info.plist; sourceTree = "<group>"; };
		017097F327B99352002ED344 /* Tilemap.swift */ = {isa = PBXFileReference; lastKnownFileType = sourcecode.swift; path = Tilemap.swift; sourceTree = "<group>"; };
		017097F527B9995C002ED344 /* World.swift */ = {isa = PBXFileReference; lastKnownFileType = sourcecode.swift; path = World.swift; sourceTree = "<group>"; };
		017097F827B9A0FF002ED344 /* Pathfinder.swift */ = {isa = PBXFileReference; fileEncoding = 4; lastKnownFileType = sourcecode.swift; path = Pathfinder.swift; sourceTree = "<group>"; };
		017097FB27B9D317002ED344 /* Unit.swift */ = {isa = PBXFileReference; lastKnownFileType = sourcecode.swift; path = Unit.swift; sourceTree = "<group>"; };
		017097FD27B9D508002ED344 /* Building.swift */ = {isa = PBXFileReference; lastKnownFileType = sourcecode.swift; path = Building.swift; sourceTree = "<group>"; };
		017097FF27BC30AB002ED344 /* Projectile.swift */ = {isa = PBXFileReference; lastKnownFileType = sourcecode.swift; path = Projectile.swift; sourceTree = "<group>"; };
		0170980327BC613B002ED344 /* Level.swift */ = {isa = PBXFileReference; lastKnownFileType = sourcecode.swift; path = Level.swift; sourceTree = "<group>"; };
		0170980527BC622F002ED344 /* Levels */ = {isa = PBXFileReference; lastKnownFileType = folder; path = Levels; sourceTree = "<group>"; };
/* End PBXFileReference section */

/* Begin PBXFrameworksBuildPhase section */
		017097D927B9932C002ED344 /* Frameworks */ = {
			isa = PBXFrameworksBuildPhase;
			buildActionMask = 2147483647;
			files = (
			);
			runOnlyForDeploymentPostprocessing = 0;
		};
/* End PBXFrameworksBuildPhase section */

/* Begin PBXGroup section */
		017097D327B9932C002ED344 = {
			isa = PBXGroup;
			children = (
				017097DE27B9932C002ED344 /* Swune */,
				017097DD27B9932C002ED344 /* Products */,
			);
			sourceTree = "<group>";
		};
		017097DD27B9932C002ED344 /* Products */ = {
			isa = PBXGroup;
			children = (
				017097DC27B9932C002ED344 /* Swune.app */,
			);
			name = Products;
			sourceTree = "<group>";
		};
		017097DE27B9932C002ED344 /* Swune */ = {
			isa = PBXGroup;
			children = (
				0170980527BC622F002ED344 /* Levels */,
				017097F727B9A0DE002ED344 /* Engine */,
				017097DF27B9932C002ED344 /* AppDelegate.swift */,
				017097E127B9932C002ED344 /* SceneDelegate.swift */,
				017097E327B9932C002ED344 /* ViewController.swift */,
				017097E527B9932C002ED344 /* Main.storyboard */,
				017097E827B9932E002ED344 /* Assets.xcassets */,
				017097EA27B9932E002ED344 /* LaunchScreen.storyboard */,
				017097ED27B9932E002ED344 /* Info.plist */,
			);
			path = Swune;
			sourceTree = "<group>";
		};
		017097F727B9A0DE002ED344 /* Engine */ = {
			isa = PBXGroup;
			children = (
				0170980327BC613B002ED344 /* Level.swift */,
				017097F327B99352002ED344 /* Tilemap.swift */,
				017097F827B9A0FF002ED344 /* Pathfinder.swift */,
				017097F527B9995C002ED344 /* World.swift */,
				017097FF27BC30AB002ED344 /* Projectile.swift */,
				017097FB27B9D317002ED344 /* Unit.swift */,
				017097FD27B9D508002ED344 /* Building.swift */,
			);
			path = Engine;
			sourceTree = "<group>";
		};
/* End PBXGroup section */

/* Begin PBXNativeTarget section */
		017097DB27B9932C002ED344 /* Swune */ = {
			isa = PBXNativeTarget;
			buildConfigurationList = 017097F027B9932E002ED344 /* Build configuration list for PBXNativeTarget "Swune" */;
			buildPhases = (
				017097D827B9932C002ED344 /* Sources */,
				017097D927B9932C002ED344 /* Frameworks */,
				017097DA27B9932C002ED344 /* Resources */,
			);
			buildRules = (
			);
			dependencies = (
			);
			name = Swune;
			productName = Swune;
			productReference = 017097DC27B9932C002ED344 /* Swune.app */;
			productType = "com.apple.product-type.application";
		};
/* End PBXNativeTarget section */

/* Begin PBXProject section */
		017097D427B9932C002ED344 /* Project object */ = {
			isa = PBXProject;
			attributes = {
				BuildIndependentTargetsInParallel = 1;
				LastSwiftUpdateCheck = 1320;
				LastUpgradeCheck = 1320;
				TargetAttributes = {
					017097DB27B9932C002ED344 = {
						CreatedOnToolsVersion = 13.2.1;
					};
				};
			};
			buildConfigurationList = 017097D727B9932C002ED344 /* Build configuration list for PBXProject "Swune" */;
			compatibilityVersion = "Xcode 13.0";
			developmentRegion = en;
			hasScannedForEncodings = 0;
			knownRegions = (
				en,
				Base,
			);
			mainGroup = 017097D327B9932C002ED344;
			productRefGroup = 017097DD27B9932C002ED344 /* Products */;
			projectDirPath = "";
			projectRoot = "";
			targets = (
				017097DB27B9932C002ED344 /* Swune */,
			);
		};
/* End PBXProject section */

/* Begin PBXResourcesBuildPhase section */
		017097DA27B9932C002ED344 /* Resources */ = {
			isa = PBXResourcesBuildPhase;
			buildActionMask = 2147483647;
			files = (
				017097EC27B9932E002ED344 /* LaunchScreen.storyboard in Resources */,
				0170980627BC622F002ED344 /* Levels in Resources */,
				017097E927B9932E002ED344 /* Assets.xcassets in Resources */,
				017097E727B9932C002ED344 /* Main.storyboard in Resources */,
			);
			runOnlyForDeploymentPostprocessing = 0;
		};
/* End PBXResourcesBuildPhase section */

/* Begin PBXSourcesBuildPhase section */
		017097D827B9932C002ED344 /* Sources */ = {
			isa = PBXSourcesBuildPhase;
			buildActionMask = 2147483647;
			files = (
				017097F427B99352002ED344 /* Tilemap.swift in Sources */,
				017097E427B9932C002ED344 /* ViewController.swift in Sources */,
				017097E027B9932C002ED344 /* AppDelegate.swift in Sources */,
				017097FC27B9D317002ED344 /* Unit.swift in Sources */,
				017097E227B9932C002ED344 /* SceneDelegate.swift in Sources */,
				017097F927B9A0FF002ED344 /* Pathfinder.swift in Sources */,
				0170980027BC30AB002ED344 /* Projectile.swift in Sources */,
				017097F627B9995C002ED344 /* World.swift in Sources */,
				0170980427BC613B002ED344 /* Level.swift in Sources */,
				017097FE27B9D508002ED344 /* Building.swift in Sources */,
			);
			runOnlyForDeploymentPostprocessing = 0;
		};
/* End PBXSourcesBuildPhase section */

/* Begin PBXVariantGroup section */
		017097E527B9932C002ED344 /* Main.storyboard */ = {
			isa = PBXVariantGroup;
			children = (
				017097E627B9932C002ED344 /* Base */,
			);
			name = Main.storyboard;
			sourceTree = "<group>";
		};
		017097EA27B9932E002ED344 /* LaunchScreen.storyboard */ = {
			isa = PBXVariantGroup;
			children = (
				017097EB27B9932E002ED344 /* Base */,
			);
			name = LaunchScreen.storyboard;
			sourceTree = "<group>";
		};
/* End PBXVariantGroup section */

/* Begin XCBuildConfiguration section */
		017097EE27B9932E002ED344 /* Debug */ = {
			isa = XCBuildConfiguration;
			buildSettings = {
				ALWAYS_SEARCH_USER_PATHS = NO;
				CLANG_ANALYZER_NONNULL = YES;
				CLANG_ANALYZER_NUMBER_OBJECT_CONVERSION = YES_AGGRESSIVE;
				CLANG_CXX_LANGUAGE_STANDARD = "gnu++17";
				CLANG_CXX_LIBRARY = "libc++";
				CLANG_ENABLE_MODULES = YES;
				CLANG_ENABLE_OBJC_ARC = YES;
				CLANG_ENABLE_OBJC_WEAK = YES;
				CLANG_WARN_BLOCK_CAPTURE_AUTORELEASING = YES;
				CLANG_WARN_BOOL_CONVERSION = YES;
				CLANG_WARN_COMMA = YES;
				CLANG_WARN_CONSTANT_CONVERSION = YES;
				CLANG_WARN_DEPRECATED_OBJC_IMPLEMENTATIONS = YES;
				CLANG_WARN_DIRECT_OBJC_ISA_USAGE = YES_ERROR;
				CLANG_WARN_DOCUMENTATION_COMMENTS = YES;
				CLANG_WARN_EMPTY_BODY = YES;
				CLANG_WARN_ENUM_CONVERSION = YES;
				CLANG_WARN_INFINITE_RECURSION = YES;
				CLANG_WARN_INT_CONVERSION = YES;
				CLANG_WARN_NON_LITERAL_NULL_CONVERSION = YES;
				CLANG_WARN_OBJC_IMPLICIT_RETAIN_SELF = YES;
				CLANG_WARN_OBJC_LITERAL_CONVERSION = YES;
				CLANG_WARN_OBJC_ROOT_CLASS = YES_ERROR;
				CLANG_WARN_QUOTED_INCLUDE_IN_FRAMEWORK_HEADER = YES;
				CLANG_WARN_RANGE_LOOP_ANALYSIS = YES;
				CLANG_WARN_STRICT_PROTOTYPES = YES;
				CLANG_WARN_SUSPICIOUS_MOVE = YES;
				CLANG_WARN_UNGUARDED_AVAILABILITY = YES_AGGRESSIVE;
				CLANG_WARN_UNREACHABLE_CODE = YES;
				CLANG_WARN__DUPLICATE_METHOD_MATCH = YES;
				COPY_PHASE_STRIP = NO;
				DEBUG_INFORMATION_FORMAT = dwarf;
				ENABLE_STRICT_OBJC_MSGSEND = YES;
				ENABLE_TESTABILITY = YES;
				GCC_C_LANGUAGE_STANDARD = gnu11;
				GCC_DYNAMIC_NO_PIC = NO;
				GCC_NO_COMMON_BLOCKS = YES;
				GCC_OPTIMIZATION_LEVEL = 0;
				GCC_PREPROCESSOR_DEFINITIONS = (
					"DEBUG=1",
					"$(inherited)",
				);
				GCC_WARN_64_TO_32_BIT_CONVERSION = YES;
				GCC_WARN_ABOUT_RETURN_TYPE = YES_ERROR;
				GCC_WARN_UNDECLARED_SELECTOR = YES;
				GCC_WARN_UNINITIALIZED_AUTOS = YES_AGGRESSIVE;
				GCC_WARN_UNUSED_FUNCTION = YES;
				GCC_WARN_UNUSED_VARIABLE = YES;
				IPHONEOS_DEPLOYMENT_TARGET = 13.0;
				MTL_ENABLE_DEBUG_INFO = INCLUDE_SOURCE;
				MTL_FAST_MATH = YES;
				ONLY_ACTIVE_ARCH = YES;
				SDKROOT = iphoneos;
				SWIFT_ACTIVE_COMPILATION_CONDITIONS = DEBUG;
				SWIFT_OPTIMIZATION_LEVEL = "-Onone";
			};
			name = Debug;
		};
		017097EF27B9932E002ED344 /* Release */ = {
			isa = XCBuildConfiguration;
			buildSettings = {
				ALWAYS_SEARCH_USER_PATHS = NO;
				CLANG_ANALYZER_NONNULL = YES;
				CLANG_ANALYZER_NUMBER_OBJECT_CONVERSION = YES_AGGRESSIVE;
				CLANG_CXX_LANGUAGE_STANDARD = "gnu++17";
				CLANG_CXX_LIBRARY = "libc++";
				CLANG_ENABLE_MODULES = YES;
				CLANG_ENABLE_OBJC_ARC = YES;
				CLANG_ENABLE_OBJC_WEAK = YES;
				CLANG_WARN_BLOCK_CAPTURE_AUTORELEASING = YES;
				CLANG_WARN_BOOL_CONVERSION = YES;
				CLANG_WARN_COMMA = YES;
				CLANG_WARN_CONSTANT_CONVERSION = YES;
				CLANG_WARN_DEPRECATED_OBJC_IMPLEMENTATIONS = YES;
				CLANG_WARN_DIRECT_OBJC_ISA_USAGE = YES_ERROR;
				CLANG_WARN_DOCUMENTATION_COMMENTS = YES;
				CLANG_WARN_EMPTY_BODY = YES;
				CLANG_WARN_ENUM_CONVERSION = YES;
				CLANG_WARN_INFINITE_RECURSION = YES;
				CLANG_WARN_INT_CONVERSION = YES;
				CLANG_WARN_NON_LITERAL_NULL_CONVERSION = YES;
				CLANG_WARN_OBJC_IMPLICIT_RETAIN_SELF = YES;
				CLANG_WARN_OBJC_LITERAL_CONVERSION = YES;
				CLANG_WARN_OBJC_ROOT_CLASS = YES_ERROR;
				CLANG_WARN_QUOTED_INCLUDE_IN_FRAMEWORK_HEADER = YES;
				CLANG_WARN_RANGE_LOOP_ANALYSIS = YES;
				CLANG_WARN_STRICT_PROTOTYPES = YES;
				CLANG_WARN_SUSPICIOUS_MOVE = YES;
				CLANG_WARN_UNGUARDED_AVAILABILITY = YES_AGGRESSIVE;
				CLANG_WARN_UNREACHABLE_CODE = YES;
				CLANG_WARN__DUPLICATE_METHOD_MATCH = YES;
				COPY_PHASE_STRIP = NO;
				DEBUG_INFORMATION_FORMAT = "dwarf-with-dsym";
				ENABLE_NS_ASSERTIONS = NO;
				ENABLE_STRICT_OBJC_MSGSEND = YES;
				GCC_C_LANGUAGE_STANDARD = gnu11;
				GCC_NO_COMMON_BLOCKS = YES;
				GCC_WARN_64_TO_32_BIT_CONVERSION = YES;
				GCC_WARN_ABOUT_RETURN_TYPE = YES_ERROR;
				GCC_WARN_UNDECLARED_SELECTOR = YES;
				GCC_WARN_UNINITIALIZED_AUTOS = YES_AGGRESSIVE;
				GCC_WARN_UNUSED_FUNCTION = YES;
				GCC_WARN_UNUSED_VARIABLE = YES;
				IPHONEOS_DEPLOYMENT_TARGET = 13.0;
				MTL_ENABLE_DEBUG_INFO = NO;
				MTL_FAST_MATH = YES;
				SDKROOT = iphoneos;
				SWIFT_COMPILATION_MODE = wholemodule;
				SWIFT_OPTIMIZATION_LEVEL = "-O";
				VALIDATE_PRODUCT = YES;
			};
			name = Release;
		};
		017097F127B9932E002ED344 /* Debug */ = {
			isa = XCBuildConfiguration;
			buildSettings = {
				ASSETCATALOG_COMPILER_APPICON_NAME = AppIcon;
				ASSETCATALOG_COMPILER_GLOBAL_ACCENT_COLOR_NAME = AccentColor;
				CODE_SIGN_STYLE = Automatic;
				CURRENT_PROJECT_VERSION = 1;
				DEVELOPMENT_TEAM = 8VQKF583ED;
				GENERATE_INFOPLIST_FILE = YES;
				INFOPLIST_FILE = Swune/Info.plist;
				INFOPLIST_KEY_UIApplicationSupportsIndirectInputEvents = YES;
				INFOPLIST_KEY_UILaunchStoryboardName = LaunchScreen;
				INFOPLIST_KEY_UIMainStoryboardFile = Main;
				INFOPLIST_KEY_UISupportedInterfaceOrientations_iPad = "UIInterfaceOrientationPortrait UIInterfaceOrientationPortraitUpsideDown UIInterfaceOrientationLandscapeLeft UIInterfaceOrientationLandscapeRight";
				INFOPLIST_KEY_UISupportedInterfaceOrientations_iPhone = "UIInterfaceOrientationPortrait UIInterfaceOrientationLandscapeLeft UIInterfaceOrientationLandscapeRight";
				LD_RUNPATH_SEARCH_PATHS = (
					"$(inherited)",
					"@executable_path/Frameworks",
				);
				MARKETING_VERSION = 1.0;
				PRODUCT_BUNDLE_IDENTIFIER = com.charcoaldesign.Swune;
				PRODUCT_NAME = "$(TARGET_NAME)";
				SWIFT_EMIT_LOC_STRINGS = YES;
				SWIFT_VERSION = 5.0;
				TARGETED_DEVICE_FAMILY = "1,2";
			};
			name = Debug;
		};
		017097F227B9932E002ED344 /* Release */ = {
			isa = XCBuildConfiguration;
			buildSettings = {
				ASSETCATALOG_COMPILER_APPICON_NAME = AppIcon;
				ASSETCATALOG_COMPILER_GLOBAL_ACCENT_COLOR_NAME = AccentColor;
				CODE_SIGN_STYLE = Automatic;
				CURRENT_PROJECT_VERSION = 1;
				DEVELOPMENT_TEAM = 8VQKF583ED;
				GENERATE_INFOPLIST_FILE = YES;
				INFOPLIST_FILE = Swune/Info.plist;
				INFOPLIST_KEY_UIApplicationSupportsIndirectInputEvents = YES;
				INFOPLIST_KEY_UILaunchStoryboardName = LaunchScreen;
				INFOPLIST_KEY_UIMainStoryboardFile = Main;
				INFOPLIST_KEY_UISupportedInterfaceOrientations_iPad = "UIInterfaceOrientationPortrait UIInterfaceOrientationPortraitUpsideDown UIInterfaceOrientationLandscapeLeft UIInterfaceOrientationLandscapeRight";
				INFOPLIST_KEY_UISupportedInterfaceOrientations_iPhone = "UIInterfaceOrientationPortrait UIInterfaceOrientationLandscapeLeft UIInterfaceOrientationLandscapeRight";
				LD_RUNPATH_SEARCH_PATHS = (
					"$(inherited)",
					"@executable_path/Frameworks",
				);
				MARKETING_VERSION = 1.0;
				PRODUCT_BUNDLE_IDENTIFIER = com.charcoaldesign.Swune;
				PRODUCT_NAME = "$(TARGET_NAME)";
				SWIFT_EMIT_LOC_STRINGS = YES;
				SWIFT_VERSION = 5.0;
				TARGETED_DEVICE_FAMILY = "1,2";
			};
			name = Release;
		};
/* End XCBuildConfiguration section */

/* Begin XCConfigurationList section */
		017097D727B9932C002ED344 /* Build configuration list for PBXProject "Swune" */ = {
			isa = XCConfigurationList;
			buildConfigurations = (
				017097EE27B9932E002ED344 /* Debug */,
				017097EF27B9932E002ED344 /* Release */,
			);
			defaultConfigurationIsVisible = 0;
			defaultConfigurationName = Release;
		};
		017097F027B9932E002ED344 /* Build configuration list for PBXNativeTarget "Swune" */ = {
			isa = XCConfigurationList;
			buildConfigurations = (
				017097F127B9932E002ED344 /* Debug */,
				017097F227B9932E002ED344 /* Release */,
			);
			defaultConfigurationIsVisible = 0;
			defaultConfigurationName = Release;
		};
/* End XCConfigurationList section */
	};
	rootObject = 017097D427B9932C002ED344 /* Project object */;
}
